langcode: en
status: true
dependencies:
  module:
    - task
  theme:
    - neibers_codex
id: taskiconblock
theme: neibers_codex
region: navbar
weight: 0
provider: null
plugin: task_icon_block
settings:
  id: task_icon_block
  label: 'Task icon'
  provider: task
  label_display: '0'
visibility: {  }
