langcode: en
status: true
dependencies:
  module:
    - neibers_mall
  theme:
    - exsen
id: exsen_sidebar_block
theme: exsen
region: sidebar_first
weight: 0
provider: null
plugin: leftside_block
settings:
  id: leftside_block
  label: 'Sidebar block'
  provider: neibers_mall
  label_display: '0'
visibility: {  }
