# THIS IS AN AUTOGENERATED FILE. DO NOT EDIT THIS FILE DIRECTLY.
# yarn lockfile v1


bootstrap-sass@^3.4.1:
  version "3.4.1"
  resolved "https://registry.npm.taobao.org/bootstrap-sass/download/bootstrap-sass-3.4.1.tgz#6843c73b1c258a0ac5cb2cc6f6f5285b664a8e9a"
  integrity sha1-aEPHOxwligrFyyzG9vUoW2ZKjpo=

font-awesome@^4.7.0:
  version "4.7.0"
  resolved "https://registry.npm.taobao.org/font-awesome/download/font-awesome-4.7.0.tgz#8fa8cf0411a1a31afd07b06d2902bb9fc815a133"
  integrity sha1-j6jPBBGhoxr9B7BtKQK7n8gVoTM=
