# THIS IS AN AUTOGENERATED FILE. DO NOT EDIT THIS FILE DIRECTLY.
# yarn lockfile v1


jquery@>=1.9.1:
  version "3.3.1"
  resolved "https://registry.yarnpkg.com/jquery/-/jquery-3.3.1.tgz#958ce29e81c9790f31be7792df5d4d95fc57fbca"
  integrity sha512-Ubldcmxp5np52/ENotGxlLe6aGMvmF4R8S6tZjsP6Knsaxd/xp3Zrh50cG93lR6nPXyUFwzN3ZSOQI0wRJNdGg==

jstree@^3.3.7:
  version "3.3.7"
  resolved "https://registry.yarnpkg.com/jstree/-/jstree-3.3.7.tgz#41df485d66148836ac389603a3e12f4574b06251"
  integrity sha512-yzzalO1TbZ4HdPezO43LesGI4Wv2sB0Nl+4GfwO0YYvehGws5qtTAhlBISxfur9phMLwCtf9GjHlRx2ZLXyRnw==
  dependencies:
    jquery ">=1.9.1"
